
Microsoft Visual Studio Solution File, Format Version 12.00
# Visual Studio Version 17
VisualStudioVersion = 17.4.33110.190
MinimumVisualStudioVersion = 10.0.40219.1
Project("{FAE04EC0-301F-11D3-BF4B-00C04F79EFBC}") = "PlanetIT", "PlanetIT\PlanetIT.csproj", "{747E0475-7B0A-4D9E-981C-A77310ADC207}"
EndProject
Project("{E53339B2-1760-4266-BCC7-CA923CBCF16C}") = "docker-compose", "docker-compose.dcproj", "{215321A8-D07B-468F-A132-531DA6CA414F}"
EndProject
Project("{2150E333-8FDC-42A3-9474-1A3956D46DE8}") = "Service", "Service", "{EEB91EE1-6DF9-4905-9BA1-92BCDE45AD4F}"
EndProject
Project("{2150E333-8FDC-42A3-9474-1A3956D46DE8}") = "DAL", "DAL", "{1576393F-3D4E-470A-9A5D-4F89167404BC}"
EndProject
Project("{2150E333-8FDC-42A3-9474-1A3956D46DE8}") = "Domain", "Domain", "{537071BE-D53C-45CE-9FDE-C3318450CB29}"
EndProject
Project("{9A19103F-16F7-4668-BE54-9A1E7A4F7556}") = "PlanetIT.Service", "PlanetIT.Service\PlanetIT.Service.csproj", "{A3602C58-93E7-4EC1-9BE1-89FF3A990EFB}"
EndProject
Project("{9A19103F-16F7-4668-BE54-9A1E7A4F7556}") = "PlanetIT.Domain", "PlanetIT.Domain\PlanetIT.Domain.csproj", "{72F2C275-2B02-4321-BB51-1C174E2DCFAF}"
EndProject
Project("{9A19103F-16F7-4668-BE54-9A1E7A4F7556}") = "PlanetIT.DAL", "PlanetIT.DAL\PlanetIT.DAL.csproj", "{5347F525-A24B-42AA-A415-7DFEDFFAF862}"
EndProject
Global
	GlobalSection(SolutionConfigurationPlatforms) = preSolution
		Debug|Any CPU = Debug|Any CPU
		Release|Any CPU = Release|Any CPU
	EndGlobalSection
	GlobalSection(ProjectConfigurationPlatforms) = postSolution
		{747E0475-7B0A-4D9E-981C-A77310ADC207}.Debug|Any CPU.ActiveCfg = Debug|Any CPU
		{747E0475-7B0A-4D9E-981C-A77310ADC207}.Debug|Any CPU.Build.0 = Debug|Any CPU
		{747E0475-7B0A-4D9E-981C-A77310ADC207}.Release|Any CPU.ActiveCfg = Release|Any CPU
		{747E0475-7B0A-4D9E-981C-A77310ADC207}.Release|Any CPU.Build.0 = Release|Any CPU
		{215321A8-D07B-468F-A132-531DA6CA414F}.Debug|Any CPU.ActiveCfg = Debug|Any CPU
		{215321A8-D07B-468F-A132-531DA6CA414F}.Debug|Any CPU.Build.0 = Debug|Any CPU
		{215321A8-D07B-468F-A132-531DA6CA414F}.Release|Any CPU.ActiveCfg = Release|Any CPU
		{215321A8-D07B-468F-A132-531DA6CA414F}.Release|Any CPU.Build.0 = Release|Any CPU
		{A3602C58-93E7-4EC1-9BE1-89FF3A990EFB}.Debug|Any CPU.ActiveCfg = Debug|Any CPU
		{A3602C58-93E7-4EC1-9BE1-89FF3A990EFB}.Debug|Any CPU.Build.0 = Debug|Any CPU
		{A3602C58-93E7-4EC1-9BE1-89FF3A990EFB}.Release|Any CPU.ActiveCfg = Release|Any CPU
		{A3602C58-93E7-4EC1-9BE1-89FF3A990EFB}.Release|Any CPU.Build.0 = Release|Any CPU
		{72F2C275-2B02-4321-BB51-1C174E2DCFAF}.Debug|Any CPU.ActiveCfg = Debug|Any CPU
		{72F2C275-2B02-4321-BB51-1C174E2DCFAF}.Debug|Any CPU.Build.0 = Debug|Any CPU
		{72F2C275-2B02-4321-BB51-1C174E2DCFAF}.Release|Any CPU.ActiveCfg = Release|Any CPU
		{72F2C275-2B02-4321-BB51-1C174E2DCFAF}.Release|Any CPU.Build.0 = Release|Any CPU
		{5347F525-A24B-42AA-A415-7DFEDFFAF862}.Debug|Any CPU.ActiveCfg = Debug|Any CPU
		{5347F525-A24B-42AA-A415-7DFEDFFAF862}.Debug|Any CPU.Build.0 = Debug|Any CPU
		{5347F525-A24B-42AA-A415-7DFEDFFAF862}.Release|Any CPU.ActiveCfg = Release|Any CPU
		{5347F525-A24B-42AA-A415-7DFEDFFAF862}.Release|Any CPU.Build.0 = Release|Any CPU
	EndGlobalSection
	GlobalSection(SolutionProperties) = preSolution
		HideSolutionNode = FALSE
	EndGlobalSection
	GlobalSection(NestedProjects) = preSolution
		{A3602C58-93E7-4EC1-9BE1-89FF3A990EFB} = {EEB91EE1-6DF9-4905-9BA1-92BCDE45AD4F}
		{72F2C275-2B02-4321-BB51-1C174E2DCFAF} = {537071BE-D53C-45CE-9FDE-C3318450CB29}
		{5347F525-A24B-42AA-A415-7DFEDFFAF862} = {1576393F-3D4E-470A-9A5D-4F89167404BC}
	EndGlobalSection
	GlobalSection(ExtensibilityGlobals) = postSolution
		SolutionGuid = {423FF885-B21D-4E7B-9CB6-56248E9A9FFE}
	EndGlobalSection
EndGlobal
